
Microsoft Visual Studio Solution File, Format Version 12.00
# Visual Studio Version 16
VisualStudioVersion = 16.0.29009.5
MinimumVisualStudioVersion = 10.0.40219.1
Project("{FAE04EC0-301F-11D3-BF4B-00C04F79EFBC}") = "NEL_FutureDao_API", "NEL_FutureDao_API.csproj", "{B867BA9C-449F-43A4-8930-8B3922739372}"
EndProject
Global
	GlobalSection(SolutionConfigurationPlatforms) = preSolution
		Debug|Any CPU = Debug|Any CPU
		Release|Any CPU = Release|Any CPU
	EndGlobalSection
	GlobalSection(ProjectConfigurationPlatforms) = postSolution
		{B867BA9C-449F-43A4-8930-8B3922739372}.Debug|Any CPU.ActiveCfg = Debug|Any CPU
		{B867BA9C-449F-43A4-8930-8B3922739372}.Debug|Any CPU.Build.0 = Debug|Any CPU
		{B867BA9C-449F-43A4-8930-8B3922739372}.Release|Any CPU.ActiveCfg = Release|Any CPU
		{B867BA9C-449F-43A4-8930-8B3922739372}.Release|Any CPU.Build.0 = Release|Any CPU
	EndGlobalSection
	GlobalSection(SolutionProperties) = preSolution
		HideSolutionNode = FALSE
	EndGlobalSection
	GlobalSection(ExtensibilityGlobals) = postSolution
		SolutionGuid = {860D6BDC-3B8E-40DA-AE8F-FA84209A44C3}
	EndGlobalSection
EndGlobal
